
Microsoft Visual Studio Solution File, Format Version 12.00
# Visual Studio Version 17
VisualStudioVersion = 17.6.33815.320
MinimumVisualStudioVersion = 10.0.40219.1
Project("{FAE04EC0-301F-11D3-BF4B-00C04F79EFBC}") = "Cagem_Portfolio", "Cagem_Portfolio\Cagem_Portfolio.csproj", "{845280F1-0E44-4A52-B0A4-540249CF15EB}"
EndProject
Global
	GlobalSection(SolutionConfigurationPlatforms) = preSolution
		Debug|Any CPU = Debug|Any CPU
		Release|Any CPU = Release|Any CPU
	EndGlobalSection
	GlobalSection(ProjectConfigurationPlatforms) = postSolution
		{845280F1-0E44-4A52-B0A4-540249CF15EB}.Debug|Any CPU.ActiveCfg = Debug|Any CPU
		{845280F1-0E44-4A52-B0A4-540249CF15EB}.Debug|Any CPU.Build.0 = Debug|Any CPU
		{845280F1-0E44-4A52-B0A4-540249CF15EB}.Release|Any CPU.ActiveCfg = Release|Any CPU
		{845280F1-0E44-4A52-B0A4-540249CF15EB}.Release|Any CPU.Build.0 = Release|Any CPU
	EndGlobalSection
	GlobalSection(SolutionProperties) = preSolution
		HideSolutionNode = FALSE
	EndGlobalSection
	GlobalSection(ExtensibilityGlobals) = postSolution
		SolutionGuid = {AA832E36-7260-40C9-BDA6-74C53036E939}
	EndGlobalSection
EndGlobal
